
Microsoft Visual Studio Solution File, Format Version 12.00
# Visual Studio Version 16
VisualStudioVersion = 16.0.30717.126
MinimumVisualStudioVersion = 10.0.40219.1
Project("{FAE04EC0-301F-11D3-BF4B-00C04F79EFBC}") = "DrinkUp", "DrinkUp.csproj", "{D3A68097-95C2-4D56-AF00-FA04EEA258DB}"
EndProject
Global
	GlobalSection(SolutionConfigurationPlatforms) = preSolution
		Debug|Any CPU = Debug|Any CPU
		Release|Any CPU = Release|Any CPU
	EndGlobalSection
	GlobalSection(ProjectConfigurationPlatforms) = postSolution
		{D3A68097-95C2-4D56-AF00-FA04EEA258DB}.Debug|Any CPU.ActiveCfg = Debug|Any CPU
		{D3A68097-95C2-4D56-AF00-FA04EEA258DB}.Debug|Any CPU.Build.0 = Debug|Any CPU
		{D3A68097-95C2-4D56-AF00-FA04EEA258DB}.Release|Any CPU.ActiveCfg = Release|Any CPU
		{D3A68097-95C2-4D56-AF00-FA04EEA258DB}.Release|Any CPU.Build.0 = Release|Any CPU
	EndGlobalSection
	GlobalSection(SolutionProperties) = preSolution
		HideSolutionNode = FALSE
	EndGlobalSection
	GlobalSection(ExtensibilityGlobals) = postSolution
		SolutionGuid = {F4A697BB-D072-41CA-AC9C-9482B973635D}
	EndGlobalSection
EndGlobal
